
Microsoft Visual Studio Solution File, Format Version 12.00
# Visual Studio 15
VisualStudioVersion = 15.0.28307.438
MinimumVisualStudioVersion = 10.0.40219.1
Project("{FAE04EC0-301F-11D3-BF4B-00C04F79EFBC}") = "FinalApp", "FinalApp\FinalApp.csproj", "{A7D073F5-DAB0-4207-8973-790CD0EAEEF5}"
EndProject
Global
	GlobalSection(SolutionConfigurationPlatforms) = preSolution
		Debug|Any CPU = Debug|Any CPU
		Release|Any CPU = Release|Any CPU
	EndGlobalSection
	GlobalSection(ProjectConfigurationPlatforms) = postSolution
		{A7D073F5-DAB0-4207-8973-790CD0EAEEF5}.Debug|Any CPU.ActiveCfg = Debug|Any CPU
		{A7D073F5-DAB0-4207-8973-790CD0EAEEF5}.Debug|Any CPU.Build.0 = Debug|Any CPU
		{A7D073F5-DAB0-4207-8973-790CD0EAEEF5}.Release|Any CPU.ActiveCfg = Release|Any CPU
		{A7D073F5-DAB0-4207-8973-790CD0EAEEF5}.Release|Any CPU.Build.0 = Release|Any CPU
	EndGlobalSection
	GlobalSection(SolutionProperties) = preSolution
		HideSolutionNode = FALSE
	EndGlobalSection
	GlobalSection(ExtensibilityGlobals) = postSolution
		SolutionGuid = {1AEB6E54-399B-4C86-908A-3E848D55BC9F}
	EndGlobalSection
EndGlobal
